
Microsoft Visual Studio Solution File, Format Version 12.00
# Visual Studio Version 17
VisualStudioVersion = 17.5.33502.453
MinimumVisualStudioVersion = 10.0.40219.1
Project("{FAE04EC0-301F-11D3-BF4B-00C04F79EFBC}") = "SchmittContactsApp", "SchmittContactsApp.csproj", "{C1D31F0E-90BA-4D11-9958-03FE861F856F}"
EndProject
Global
	GlobalSection(SolutionConfigurationPlatforms) = preSolution
		Debug|Any CPU = Debug|Any CPU
		Release|Any CPU = Release|Any CPU
	EndGlobalSection
	GlobalSection(ProjectConfigurationPlatforms) = postSolution
		{C1D31F0E-90BA-4D11-9958-03FE861F856F}.Debug|Any CPU.ActiveCfg = Debug|Any CPU
		{C1D31F0E-90BA-4D11-9958-03FE861F856F}.Debug|Any CPU.Build.0 = Debug|Any CPU
		{C1D31F0E-90BA-4D11-9958-03FE861F856F}.Release|Any CPU.ActiveCfg = Release|Any CPU
		{C1D31F0E-90BA-4D11-9958-03FE861F856F}.Release|Any CPU.Build.0 = Release|Any CPU
	EndGlobalSection
	GlobalSection(SolutionProperties) = preSolution
		HideSolutionNode = FALSE
	EndGlobalSection
	GlobalSection(ExtensibilityGlobals) = postSolution
		SolutionGuid = {47822744-64B5-4F42-AA2F-A55EBA30F546}
	EndGlobalSection
EndGlobal
