
Microsoft Visual Studio Solution File, Format Version 12.00
# Visual Studio Version 17
VisualStudioVersion = 17.4.33213.308
MinimumVisualStudioVersion = 10.0.40219.1
Project("{FAE04EC0-301F-11D3-BF4B-00C04F79EFBC}") = "SchmittAssignment2", "SchmittAssignment2.csproj", "{5AFEF39C-5E4C-490A-B06F-AD4DF8E9C2AB}"
EndProject
Global
	GlobalSection(SolutionConfigurationPlatforms) = preSolution
		Debug|Any CPU = Debug|Any CPU
		Release|Any CPU = Release|Any CPU
	EndGlobalSection
	GlobalSection(ProjectConfigurationPlatforms) = postSolution
		{5AFEF39C-5E4C-490A-B06F-AD4DF8E9C2AB}.Debug|Any CPU.ActiveCfg = Debug|Any CPU
		{5AFEF39C-5E4C-490A-B06F-AD4DF8E9C2AB}.Debug|Any CPU.Build.0 = Debug|Any CPU
		{5AFEF39C-5E4C-490A-B06F-AD4DF8E9C2AB}.Release|Any CPU.ActiveCfg = Release|Any CPU
		{5AFEF39C-5E4C-490A-B06F-AD4DF8E9C2AB}.Release|Any CPU.Build.0 = Release|Any CPU
	EndGlobalSection
	GlobalSection(SolutionProperties) = preSolution
		HideSolutionNode = FALSE
	EndGlobalSection
	GlobalSection(ExtensibilityGlobals) = postSolution
		SolutionGuid = {590E42AF-6DC9-4F80-A8BB-C6850C83E190}
	EndGlobalSection
EndGlobal
